
Microsoft Visual Studio Solution File, Format Version 12.00
# Visual Studio Version 16
VisualStudioVersion = 16.0.36227.6
MinimumVisualStudioVersion = 10.0.40219.1
Project("{8BC9CEB8-8B4A-11D0-8D11-00A0C91BC942}") = "Mck", "Mck.vcxproj", "{97D1BEC1-56E4-49B7-9966-F51AD10F6F05}"
EndProject
Global
	GlobalSection(SolutionConfigurationPlatforms) = preSolution
		Debug|x86 = Debug|x86
		Release|x86 = Release|x86
	EndGlobalSection
	GlobalSection(ProjectConfigurationPlatforms) = postSolution
		{97D1BEC1-56E4-49B7-9966-F51AD10F6F05}.Debug|x86.ActiveCfg = Debug|Win32
		{97D1BEC1-56E4-49B7-9966-F51AD10F6F05}.Debug|x86.Build.0 = Debug|Win32
		{97D1BEC1-56E4-49B7-9966-F51AD10F6F05}.Release|x86.ActiveCfg = Release|Win32
		{97D1BEC1-56E4-49B7-9966-F51AD10F6F05}.Release|x86.Build.0 = Release|Win32
	EndGlobalSection
	GlobalSection(SolutionProperties) = preSolution
		HideSolutionNode = FALSE
	EndGlobalSection
	GlobalSection(ExtensibilityGlobals) = postSolution
		SolutionGuid = {B5C9DD54-C943-44D8-8752-196B148100D0}
	EndGlobalSection
EndGlobal
